
Microsoft Visual Studio Solution File, Format Version 12.00
# Visual Studio Version 17
VisualStudioVersion = 17.6.33712.159
MinimumVisualStudioVersion = 10.0.40219.1
Project("{FAE04EC0-301F-11D3-BF4B-00C04F79EFBC}") = "BDNAT-Helper", "BDNAT-Helper\BDNAT-Helper.csproj", "{1C836B54-2992-5EF0-AF05-1CE2B218C1E7}"
EndProject
Project("{FAE04EC0-301F-11D3-BF4B-00C04F79EFBC}") = "BDNAT-Repository", "BDNAT-Repository\BDNAT-Repository.csproj", "{7A0206AB-3F0A-2534-944B-7AA50D8FB246}"
EndProject
Project("{FAE04EC0-301F-11D3-BF4B-00C04F79EFBC}") = "BDNAT-Service", "BDNAT-Service\BDNAT-Service.csproj", "{502129A9-6516-370C-09A5-98D25A4CAE2F}"
EndProject
Project("{FAE04EC0-301F-11D3-BF4B-00C04F79EFBC}") = "BDNAT-API", "SWP391-BDNAT-API\BDNAT-API.csproj", "{9FDE9BA7-34AC-8C93-0F58-53BAB34B22DA}"
EndProject
Global
	GlobalSection(SolutionConfigurationPlatforms) = preSolution
		Debug|Any CPU = Debug|Any CPU
		Release|Any CPU = Release|Any CPU
	EndGlobalSection
	GlobalSection(ProjectConfigurationPlatforms) = postSolution
		{1C836B54-2992-5EF0-AF05-1CE2B218C1E7}.Debug|Any CPU.ActiveCfg = Debug|Any CPU
		{1C836B54-2992-5EF0-AF05-1CE2B218C1E7}.Debug|Any CPU.Build.0 = Debug|Any CPU
		{1C836B54-2992-5EF0-AF05-1CE2B218C1E7}.Release|Any CPU.ActiveCfg = Release|Any CPU
		{1C836B54-2992-5EF0-AF05-1CE2B218C1E7}.Release|Any CPU.Build.0 = Release|Any CPU
		{7A0206AB-3F0A-2534-944B-7AA50D8FB246}.Debug|Any CPU.ActiveCfg = Debug|Any CPU
		{7A0206AB-3F0A-2534-944B-7AA50D8FB246}.Debug|Any CPU.Build.0 = Debug|Any CPU
		{7A0206AB-3F0A-2534-944B-7AA50D8FB246}.Release|Any CPU.ActiveCfg = Release|Any CPU
		{7A0206AB-3F0A-2534-944B-7AA50D8FB246}.Release|Any CPU.Build.0 = Release|Any CPU
		{502129A9-6516-370C-09A5-98D25A4CAE2F}.Debug|Any CPU.ActiveCfg = Debug|Any CPU
		{502129A9-6516-370C-09A5-98D25A4CAE2F}.Debug|Any CPU.Build.0 = Debug|Any CPU
		{502129A9-6516-370C-09A5-98D25A4CAE2F}.Release|Any CPU.ActiveCfg = Release|Any CPU
		{502129A9-6516-370C-09A5-98D25A4CAE2F}.Release|Any CPU.Build.0 = Release|Any CPU
		{9FDE9BA7-34AC-8C93-0F58-53BAB34B22DA}.Debug|Any CPU.ActiveCfg = Debug|Any CPU
		{9FDE9BA7-34AC-8C93-0F58-53BAB34B22DA}.Debug|Any CPU.Build.0 = Debug|Any CPU
		{9FDE9BA7-34AC-8C93-0F58-53BAB34B22DA}.Release|Any CPU.ActiveCfg = Release|Any CPU
		{9FDE9BA7-34AC-8C93-0F58-53BAB34B22DA}.Release|Any CPU.Build.0 = Release|Any CPU
	EndGlobalSection
	GlobalSection(SolutionProperties) = preSolution
		HideSolutionNode = FALSE
	EndGlobalSection
	GlobalSection(ExtensibilityGlobals) = postSolution
		SolutionGuid = {371660AB-12A9-4733-83E2-8B91F0BB7F19}
	EndGlobalSection
EndGlobal
